
Microsoft Visual Studio Solution File, Format Version 12.00
# Visual Studio 15
VisualStudioVersion = 15.0.28010.2041
MinimumVisualStudioVersion = 10.0.40219.1
Project("{FAE04EC0-301F-11D3-BF4B-00C04F79EFBC}") = "AsyncInn", "AsyncInn\AsyncInn.csproj", "{ECFAD912-1E85-46CB-A6F0-6CEA68631822}"
EndProject
Global
	GlobalSection(SolutionConfigurationPlatforms) = preSolution
		Debug|Any CPU = Debug|Any CPU
		Release|Any CPU = Release|Any CPU
	EndGlobalSection
	GlobalSection(ProjectConfigurationPlatforms) = postSolution
		{ECFAD912-1E85-46CB-A6F0-6CEA68631822}.Debug|Any CPU.ActiveCfg = Debug|Any CPU
		{ECFAD912-1E85-46CB-A6F0-6CEA68631822}.Debug|Any CPU.Build.0 = Debug|Any CPU
		{ECFAD912-1E85-46CB-A6F0-6CEA68631822}.Release|Any CPU.ActiveCfg = Release|Any CPU
		{ECFAD912-1E85-46CB-A6F0-6CEA68631822}.Release|Any CPU.Build.0 = Release|Any CPU
	EndGlobalSection
	GlobalSection(SolutionProperties) = preSolution
		HideSolutionNode = FALSE
	EndGlobalSection
	GlobalSection(ExtensibilityGlobals) = postSolution
		SolutionGuid = {B53E1D54-1CEE-475E-87CF-0CB4D2849277}
	EndGlobalSection
EndGlobal
